
Microsoft Visual Studio Solution File, Format Version 12.00
# Visual Studio Version 17
VisualStudioVersion = 17.5.002.0
MinimumVisualStudioVersion = 10.0.40219.1
Project("{9A19103F-16F7-4668-BE54-9A1E7A4F7556}") = "B2CUserAdmin.Web", "B2CUserAdmin.Web\B2CUserAdmin.Web.csproj", "{7B1E9AEE-93C5-4C20-A688-A5A22497D9F8}"
EndProject
Global
	GlobalSection(SolutionConfigurationPlatforms) = preSolution
		Debug|Any CPU = Debug|Any CPU
		Release|Any CPU = Release|Any CPU
	EndGlobalSection
	GlobalSection(ProjectConfigurationPlatforms) = postSolution
		{7B1E9AEE-93C5-4C20-A688-A5A22497D9F8}.Debug|Any CPU.ActiveCfg = Debug|Any CPU
		{7B1E9AEE-93C5-4C20-A688-A5A22497D9F8}.Debug|Any CPU.Build.0 = Debug|Any CPU
		{7B1E9AEE-93C5-4C20-A688-A5A22497D9F8}.Release|Any CPU.ActiveCfg = Release|Any CPU
		{7B1E9AEE-93C5-4C20-A688-A5A22497D9F8}.Release|Any CPU.Build.0 = Release|Any CPU
	EndGlobalSection
	GlobalSection(SolutionProperties) = preSolution
		HideSolutionNode = FALSE
	EndGlobalSection
	GlobalSection(ExtensibilityGlobals) = postSolution
		SolutionGuid = {F18A1B21-6CB8-4C45-ADF2-85CE2C2022C8}
	EndGlobalSection
EndGlobal
